
Microsoft Visual Studio Solution File, Format Version 12.00
# Visual Studio 15
VisualStudioVersion = 15.0.28307.1022
MinimumVisualStudioVersion = 10.0.40219.1
Project("{FAE04EC0-301F-11D3-BF4B-00C04F79EFBC}") = "ComputerInventory", "ComputerInventory\ComputerInventory.csproj", "{AFDA00D5-7A28-4EA9-BFE0-0046DE5BFAFA}"
EndProject
Global
	GlobalSection(SolutionConfigurationPlatforms) = preSolution
		Debug|Any CPU = Debug|Any CPU
		Release|Any CPU = Release|Any CPU
	EndGlobalSection
	GlobalSection(ProjectConfigurationPlatforms) = postSolution
		{AFDA00D5-7A28-4EA9-BFE0-0046DE5BFAFA}.Debug|Any CPU.ActiveCfg = Debug|Any CPU
		{AFDA00D5-7A28-4EA9-BFE0-0046DE5BFAFA}.Debug|Any CPU.Build.0 = Debug|Any CPU
		{AFDA00D5-7A28-4EA9-BFE0-0046DE5BFAFA}.Release|Any CPU.ActiveCfg = Release|Any CPU
		{AFDA00D5-7A28-4EA9-BFE0-0046DE5BFAFA}.Release|Any CPU.Build.0 = Release|Any CPU
	EndGlobalSection
	GlobalSection(SolutionProperties) = preSolution
		HideSolutionNode = FALSE
	EndGlobalSection
	GlobalSection(ExtensibilityGlobals) = postSolution
		SolutionGuid = {A3EC585A-3DBD-4308-9621-8AD032FA51EB}
	EndGlobalSection
EndGlobal
